// !$*UTF8*$!
{
	archiveVersion = 1;
	classes = {
	};
	objectVersion = 50;
	objects = {

/* Begin PBXBuildFile section */
		C69A9ED825D8027A000BF0D7 /* ExpenseTrackerApp.swift in Sources */ = {isa = PBXBuildFile; fileRef = C69A9ED725D8027A000BF0D7 /* ExpenseTrackerApp.swift */; };
		C69A9EDA25D8027A000BF0D7 /* ContentView.swift in Sources */ = {isa = PBXBuildFile; fileRef = C69A9ED925D8027A000BF0D7 /* ContentView.swift */; };
		C69A9EDC25D8027B000BF0D7 /* Assets.xcassets in Resources */ = {isa = PBXBuildFile; fileRef = C69A9EDB25D8027B000BF0D7 /* Assets.xcassets */; };
		C69A9EDF25D8027B000BF0D7 /* Preview Assets.xcassets in Resources */ = {isa = PBXBuildFile; fileRef = C69A9EDE25D8027B000BF0D7 /* Preview Assets.xcassets */; };
		C69A9EE925D80A29000BF0D7 /* TransactionPage.swift in Sources */ = {isa = PBXBuildFile; fileRef = C69A9EE825D80A29000BF0D7 /* TransactionPage.swift */; };
		C69A9EEE25D80A85000BF0D7 /* CustomNavigationView.swift in Sources */ = {isa = PBXBuildFile; fileRef = C69A9EED25D80A85000BF0D7 /* CustomNavigationView.swift */; };
		C69A9EF125D80ACF000BF0D7 /* ProfileView.swift in Sources */ = {isa = PBXBuildFile; fileRef = C69A9EF025D80ACF000BF0D7 /* ProfileView.swift */; };
		C69A9EF425D80C0A000BF0D7 /* SearchInput.swift in Sources */ = {isa = PBXBuildFile; fileRef = C69A9EF325D80C0A000BF0D7 /* SearchInput.swift */; };
		C69A9EF725D810D5000BF0D7 /* TransactionWidget.swift in Sources */ = {isa = PBXBuildFile; fileRef = C69A9EF625D810D5000BF0D7 /* TransactionWidget.swift */; };
		C69A9EFA25D820CB000BF0D7 /* AnalyticsWidget.swift in Sources */ = {isa = PBXBuildFile; fileRef = C69A9EF925D820CB000BF0D7 /* AnalyticsWidget.swift */; };
		C69A9EFE25D8260E000BF0D7 /* TransactionList.swift in Sources */ = {isa = PBXBuildFile; fileRef = C69A9EFD25D8260E000BF0D7 /* TransactionList.swift */; };
		C69A9F0125D8296E000BF0D7 /* TransactionItem.swift in Sources */ = {isa = PBXBuildFile; fileRef = C69A9F0025D8296E000BF0D7 /* TransactionItem.swift */; };
		C69A9F0A25D84C38000BF0D7 /* CategoryPage.swift in Sources */ = {isa = PBXBuildFile; fileRef = C69A9F0925D84C38000BF0D7 /* CategoryPage.swift */; };
		C69A9F0E25D84C4A000BF0D7 /* CategoriesList.swift in Sources */ = {isa = PBXBuildFile; fileRef = C69A9F0D25D84C4A000BF0D7 /* CategoriesList.swift */; };
		C69A9F1225D84C94000BF0D7 /* Category.swift in Sources */ = {isa = PBXBuildFile; fileRef = C69A9F1125D84C94000BF0D7 /* Category.swift */; };
		C69A9F1625D98A02000BF0D7 /* NewTransactionPage.swift in Sources */ = {isa = PBXBuildFile; fileRef = C69A9F1525D98A02000BF0D7 /* NewTransactionPage.swift */; };
		C69A9F1B25D990E2000BF0D7 /* AmountSection.swift in Sources */ = {isa = PBXBuildFile; fileRef = C69A9F1A25D990E2000BF0D7 /* AmountSection.swift */; };
		C69A9F1E25D9914F000BF0D7 /* DateSection.swift in Sources */ = {isa = PBXBuildFile; fileRef = C69A9F1D25D9914F000BF0D7 /* DateSection.swift */; };
		C69A9F2125D99236000BF0D7 /* DateSelector.swift in Sources */ = {isa = PBXBuildFile; fileRef = C69A9F2025D99236000BF0D7 /* DateSelector.swift */; };
		C69A9F2425D99319000BF0D7 /* CategorySection.swift in Sources */ = {isa = PBXBuildFile; fileRef = C69A9F2325D99319000BF0D7 /* CategorySection.swift */; };
		C6AC5D5D264FB20A00DC7644 /* Details.swift in Sources */ = {isa = PBXBuildFile; fileRef = C6AC5D5C264FB20A00DC7644 /* Details.swift */; };
		C6E78CD225E150E800BB8522 /* NoteSetion.swift in Sources */ = {isa = PBXBuildFile; fileRef = C6E78CD125E150E800BB8522 /* NoteSetion.swift */; };
/* End PBXBuildFile section */

/* Begin PBXFileReference section */
		C69A9ED425D8027A000BF0D7 /* ExpenseTracker.app */ = {isa = PBXFileReference; explicitFileType = wrapper.application; includeInIndex = 0; path = ExpenseTracker.app; sourceTree = BUILT_PRODUCTS_DIR; };
		C69A9ED725D8027A000BF0D7 /* ExpenseTrackerApp.swift */ = {isa = PBXFileReference; lastKnownFileType = sourcecode.swift; path = ExpenseTrackerApp.swift; sourceTree = "<group>"; };
		C69A9ED925D8027A000BF0D7 /* ContentView.swift */ = {isa = PBXFileReference; lastKnownFileType = sourcecode.swift; path = ContentView.swift; sourceTree = "<group>"; };
		C69A9EDB25D8027B000BF0D7 /* Assets.xcassets */ = {isa = PBXFileReference; lastKnownFileType = folder.assetcatalog; path = Assets.xcassets; sourceTree = "<group>"; };
		C69A9EDE25D8027B000BF0D7 /* Preview Assets.xcassets */ = {isa = PBXFileReference; lastKnownFileType = folder.assetcatalog; path = "Preview Assets.xcassets"; sourceTree = "<group>"; };
		C69A9EE025D8027B000BF0D7 /* Info.plist */ = {isa = PBXFileReference; lastKnownFileType = text.plist.xml; path = Info.plist; sourceTree = "<group>"; };
		C69A9EE825D80A29000BF0D7 /* TransactionPage.swift */ = {isa = PBXFileReference; lastKnownFileType = sourcecode.swift; path = TransactionPage.swift; sourceTree = "<group>"; };
		C69A9EED25D80A85000BF0D7 /* CustomNavigationView.swift */ = {isa = PBXFileReference; lastKnownFileType = sourcecode.swift; path = CustomNavigationView.swift; sourceTree = "<group>"; };
		C69A9EF025D80ACF000BF0D7 /* ProfileView.swift */ = {isa = PBXFileReference; lastKnownFileType = sourcecode.swift; path = ProfileView.swift; sourceTree = "<group>"; };
		C69A9EF325D80C0A000BF0D7 /* SearchInput.swift */ = {isa = PBXFileReference; lastKnownFileType = sourcecode.swift; path = SearchInput.swift; sourceTree = "<group>"; };
		C69A9EF625D810D5000BF0D7 /* TransactionWidget.swift */ = {isa = PBXFileReference; lastKnownFileType = sourcecode.swift; path = TransactionWidget.swift; sourceTree = "<group>"; };
		C69A9EF925D820CB000BF0D7 /* AnalyticsWidget.swift */ = {isa = PBXFileReference; lastKnownFileType = sourcecode.swift; path = AnalyticsWidget.swift; sourceTree = "<group>"; };
		C69A9EFD25D8260E000BF0D7 /* TransactionList.swift */ = {isa = PBXFileReference; lastKnownFileType = sourcecode.swift; path = TransactionList.swift; sourceTree = "<group>"; };
		C69A9F0025D8296E000BF0D7 /* TransactionItem.swift */ = {isa = PBXFileReference; lastKnownFileType = sourcecode.swift; path = TransactionItem.swift; sourceTree = "<group>"; };
		C69A9F0925D84C38000BF0D7 /* CategoryPage.swift */ = {isa = PBXFileReference; lastKnownFileType = sourcecode.swift; path = CategoryPage.swift; sourceTree = "<group>"; };
		C69A9F0D25D84C4A000BF0D7 /* CategoriesList.swift */ = {isa = PBXFileReference; lastKnownFileType = sourcecode.swift; path = CategoriesList.swift; sourceTree = "<group>"; };
		C69A9F1125D84C94000BF0D7 /* Category.swift */ = {isa = PBXFileReference; lastKnownFileType = sourcecode.swift; path = Category.swift; sourceTree = "<group>"; };
		C69A9F1525D98A02000BF0D7 /* NewTransactionPage.swift */ = {isa = PBXFileReference; lastKnownFileType = sourcecode.swift; path = NewTransactionPage.swift; sourceTree = "<group>"; };
		C69A9F1A25D990E2000BF0D7 /* AmountSection.swift */ = {isa = PBXFileReference; lastKnownFileType = sourcecode.swift; path = AmountSection.swift; sourceTree = "<group>"; };
		C69A9F1D25D9914F000BF0D7 /* DateSection.swift */ = {isa = PBXFileReference; lastKnownFileType = sourcecode.swift; path = DateSection.swift; sourceTree = "<group>"; };
		C69A9F2025D99236000BF0D7 /* DateSelector.swift */ = {isa = PBXFileReference; lastKnownFileType = sourcecode.swift; path = DateSelector.swift; sourceTree = "<group>"; };
		C69A9F2325D99319000BF0D7 /* CategorySection.swift */ = {isa = PBXFileReference; lastKnownFileType = sourcecode.swift; path = CategorySection.swift; sourceTree = "<group>"; };
		C6AC5D5C264FB20A00DC7644 /* Details.swift */ = {isa = PBXFileReference; lastKnownFileType = sourcecode.swift; path = Details.swift; sourceTree = "<group>"; };
		C6E78CD125E150E800BB8522 /* NoteSetion.swift */ = {isa = PBXFileReference; lastKnownFileType = sourcecode.swift; path = NoteSetion.swift; sourceTree = "<group>"; };
/* End PBXFileReference section */

/* Begin PBXFrameworksBuildPhase section */
		C69A9ED125D8027A000BF0D7 /* Frameworks */ = {
			isa = PBXFrameworksBuildPhase;
			buildActionMask = 2147483647;
			files = (
			);
			runOnlyForDeploymentPostprocessing = 0;
		};
/* End PBXFrameworksBuildPhase section */

/* Begin PBXGroup section */
		C69A9ECB25D8027A000BF0D7 = {
			isa = PBXGroup;
			children = (
				C69A9ED625D8027A000BF0D7 /* ExpenseTracker */,
				C69A9ED525D8027A000BF0D7 /* Products */,
			);
			sourceTree = "<group>";
		};
		C69A9ED525D8027A000BF0D7 /* Products */ = {
			isa = PBXGroup;
			children = (
				C69A9ED425D8027A000BF0D7 /* ExpenseTracker.app */,
			);
			name = Products;
			sourceTree = "<group>";
		};
		C69A9ED625D8027A000BF0D7 /* ExpenseTracker */ = {
			isa = PBXGroup;
			children = (
				C69A9F1025D84C80000BF0D7 /* Models */,
				C69A9F0825D84C20000BF0D7 /* Categories */,
				C69A9EEC25D80A64000BF0D7 /* common */,
				C69A9EE725D80A12000BF0D7 /* Transactions */,
				C69A9ED725D8027A000BF0D7 /* ExpenseTrackerApp.swift */,
				C69A9ED925D8027A000BF0D7 /* ContentView.swift */,
				C69A9EDB25D8027B000BF0D7 /* Assets.xcassets */,
				C69A9EE025D8027B000BF0D7 /* Info.plist */,
				C69A9EDD25D8027B000BF0D7 /* Preview Content */,
			);
			path = ExpenseTracker;
			sourceTree = "<group>";
		};
		C69A9EDD25D8027B000BF0D7 /* Preview Content */ = {
			isa = PBXGroup;
			children = (
				C69A9EDE25D8027B000BF0D7 /* Preview Assets.xcassets */,
			);
			path = "Preview Content";
			sourceTree = "<group>";
		};
		C69A9EE725D80A12000BF0D7 /* Transactions */ = {
			isa = PBXGroup;
			children = (
				C6AC5D5B264FB1F600DC7644 /* Details */,
				C69A9F1425D989DC000BF0D7 /* NewTransaction */,
				C69A9EFC25D825F5000BF0D7 /* List */,
				C69A9EE825D80A29000BF0D7 /* TransactionPage.swift */,
				C69A9EF625D810D5000BF0D7 /* TransactionWidget.swift */,
				C69A9EF925D820CB000BF0D7 /* AnalyticsWidget.swift */,
			);
			path = Transactions;
			sourceTree = "<group>";
		};
		C69A9EEC25D80A64000BF0D7 /* common */ = {
			isa = PBXGroup;
			children = (
				C69A9EED25D80A85000BF0D7 /* CustomNavigationView.swift */,
				C69A9EF025D80ACF000BF0D7 /* ProfileView.swift */,
				C69A9EF325D80C0A000BF0D7 /* SearchInput.swift */,
			);
			path = common;
			sourceTree = "<group>";
		};
		C69A9EFC25D825F5000BF0D7 /* List */ = {
			isa = PBXGroup;
			children = (
				C69A9EFD25D8260E000BF0D7 /* TransactionList.swift */,
				C69A9F0025D8296E000BF0D7 /* TransactionItem.swift */,
			);
			path = List;
			sourceTree = "<group>";
		};
		C69A9F0825D84C20000BF0D7 /* Categories */ = {
			isa = PBXGroup;
			children = (
				C69A9F0925D84C38000BF0D7 /* CategoryPage.swift */,
				C69A9F0D25D84C4A000BF0D7 /* CategoriesList.swift */,
			);
			path = Categories;
			sourceTree = "<group>";
		};
		C69A9F1025D84C80000BF0D7 /* Models */ = {
			isa = PBXGroup;
			children = (
				C69A9F1125D84C94000BF0D7 /* Category.swift */,
			);
			path = Models;
			sourceTree = "<group>";
		};
		C69A9F1425D989DC000BF0D7 /* NewTransaction */ = {
			isa = PBXGroup;
			children = (
				C69A9F1525D98A02000BF0D7 /* NewTransactionPage.swift */,
				C69A9F1A25D990E2000BF0D7 /* AmountSection.swift */,
				C69A9F1D25D9914F000BF0D7 /* DateSection.swift */,
				C69A9F2025D99236000BF0D7 /* DateSelector.swift */,
				C69A9F2325D99319000BF0D7 /* CategorySection.swift */,
				C6E78CD125E150E800BB8522 /* NoteSetion.swift */,
			);
			path = NewTransaction;
			sourceTree = "<group>";
		};
		C6AC5D5B264FB1F600DC7644 /* Details */ = {
			isa = PBXGroup;
			children = (
				C6AC5D5C264FB20A00DC7644 /* Details.swift */,
			);
			path = Details;
			sourceTree = "<group>";
		};
/* End PBXGroup section */

/* Begin PBXNativeTarget section */
		C69A9ED325D8027A000BF0D7 /* ExpenseTracker */ = {
			isa = PBXNativeTarget;
			buildConfigurationList = C69A9EE325D8027B000BF0D7 /* Build configuration list for PBXNativeTarget "ExpenseTracker" */;
			buildPhases = (
				C69A9ED025D8027A000BF0D7 /* Sources */,
				C69A9ED125D8027A000BF0D7 /* Frameworks */,
				C69A9ED225D8027A000BF0D7 /* Resources */,
			);
			buildRules = (
			);
			dependencies = (
			);
			name = ExpenseTracker;
			productName = ExpenseTracker;
			productReference = C69A9ED425D8027A000BF0D7 /* ExpenseTracker.app */;
			productType = "com.apple.product-type.application";
		};
/* End PBXNativeTarget section */

/* Begin PBXProject section */
		C69A9ECC25D8027A000BF0D7 /* Project object */ = {
			isa = PBXProject;
			attributes = {
				LastSwiftUpdateCheck = 1200;
				LastUpgradeCheck = 1200;
				TargetAttributes = {
					C69A9ED325D8027A000BF0D7 = {
						CreatedOnToolsVersion = 12.0;
					};
				};
			};
			buildConfigurationList = C69A9ECF25D8027A000BF0D7 /* Build configuration list for PBXProject "ExpenseTracker" */;
			compatibilityVersion = "Xcode 9.3";
			developmentRegion = en;
			hasScannedForEncodings = 0;
			knownRegions = (
				en,
				Base,
			);
			mainGroup = C69A9ECB25D8027A000BF0D7;
			productRefGroup = C69A9ED525D8027A000BF0D7 /* Products */;
			projectDirPath = "";
			projectRoot = "";
			targets = (
				C69A9ED325D8027A000BF0D7 /* ExpenseTracker */,
			);
		};
/* End PBXProject section */

/* Begin PBXResourcesBuildPhase section */
		C69A9ED225D8027A000BF0D7 /* Resources */ = {
			isa = PBXResourcesBuildPhase;
			buildActionMask = 2147483647;
			files = (
				C69A9EDF25D8027B000BF0D7 /* Preview Assets.xcassets in Resources */,
				C69A9EDC25D8027B000BF0D7 /* Assets.xcassets in Resources */,
			);
			runOnlyForDeploymentPostprocessing = 0;
		};
/* End PBXResourcesBuildPhase section */

/* Begin PBXSourcesBuildPhase section */
		C69A9ED025D8027A000BF0D7 /* Sources */ = {
			isa = PBXSourcesBuildPhase;
			buildActionMask = 2147483647;
			files = (
				C69A9EDA25D8027A000BF0D7 /* ContentView.swift in Sources */,
				C6E78CD225E150E800BB8522 /* NoteSetion.swift in Sources */,
				C69A9EFE25D8260E000BF0D7 /* TransactionList.swift in Sources */,
				C69A9EE925D80A29000BF0D7 /* TransactionPage.swift in Sources */,
				C69A9F0125D8296E000BF0D7 /* TransactionItem.swift in Sources */,
				C69A9EF425D80C0A000BF0D7 /* SearchInput.swift in Sources */,
				C6AC5D5D264FB20A00DC7644 /* Details.swift in Sources */,
				C69A9F0A25D84C38000BF0D7 /* CategoryPage.swift in Sources */,
				C69A9EF125D80ACF000BF0D7 /* ProfileView.swift in Sources */,
				C69A9EFA25D820CB000BF0D7 /* AnalyticsWidget.swift in Sources */,
				C69A9ED825D8027A000BF0D7 /* ExpenseTrackerApp.swift in Sources */,
				C69A9F2425D99319000BF0D7 /* CategorySection.swift in Sources */,
				C69A9F1225D84C94000BF0D7 /* Category.swift in Sources */,
				C69A9F0E25D84C4A000BF0D7 /* CategoriesList.swift in Sources */,
				C69A9F1B25D990E2000BF0D7 /* AmountSection.swift in Sources */,
				C69A9EF725D810D5000BF0D7 /* TransactionWidget.swift in Sources */,
				C69A9F1625D98A02000BF0D7 /* NewTransactionPage.swift in Sources */,
				C69A9F2125D99236000BF0D7 /* DateSelector.swift in Sources */,
				C69A9EEE25D80A85000BF0D7 /* CustomNavigationView.swift in Sources */,
				C69A9F1E25D9914F000BF0D7 /* DateSection.swift in Sources */,
			);
			runOnlyForDeploymentPostprocessing = 0;
		};
/* End PBXSourcesBuildPhase section */

/* Begin XCBuildConfiguration section */
		C69A9EE125D8027B000BF0D7 /* Debug */ = {
			isa = XCBuildConfiguration;
			buildSettings = {
				ALWAYS_SEARCH_USER_PATHS = NO;
				CLANG_ANALYZER_NONNULL = YES;
				CLANG_ANALYZER_NUMBER_OBJECT_CONVERSION = YES_AGGRESSIVE;
				CLANG_CXX_LANGUAGE_STANDARD = "gnu++14";
				CLANG_CXX_LIBRARY = "libc++";
				CLANG_ENABLE_MODULES = YES;
				CLANG_ENABLE_OBJC_ARC = YES;
				CLANG_ENABLE_OBJC_WEAK = YES;
				CLANG_WARN_BLOCK_CAPTURE_AUTORELEASING = YES;
				CLANG_WARN_BOOL_CONVERSION = YES;
				CLANG_WARN_COMMA = YES;
				CLANG_WARN_CONSTANT_CONVERSION = YES;
				CLANG_WARN_DEPRECATED_OBJC_IMPLEMENTATIONS = YES;
				CLANG_WARN_DIRECT_OBJC_ISA_USAGE = YES_ERROR;
				CLANG_WARN_DOCUMENTATION_COMMENTS = YES;
				CLANG_WARN_EMPTY_BODY = YES;
				CLANG_WARN_ENUM_CONVERSION = YES;
				CLANG_WARN_INFINITE_RECURSION = YES;
				CLANG_WARN_INT_CONVERSION = YES;
				CLANG_WARN_NON_LITERAL_NULL_CONVERSION = YES;
				CLANG_WARN_OBJC_IMPLICIT_RETAIN_SELF = YES;
				CLANG_WARN_OBJC_LITERAL_CONVERSION = YES;
				CLANG_WARN_OBJC_ROOT_CLASS = YES_ERROR;
				CLANG_WARN_QUOTED_INCLUDE_IN_FRAMEWORK_HEADER = YES;
				CLANG_WARN_RANGE_LOOP_ANALYSIS = YES;
				CLANG_WARN_STRICT_PROTOTYPES = YES;
				CLANG_WARN_SUSPICIOUS_MOVE = YES;
				CLANG_WARN_UNGUARDED_AVAILABILITY = YES_AGGRESSIVE;
				CLANG_WARN_UNREACHABLE_CODE = YES;
				CLANG_WARN__DUPLICATE_METHOD_MATCH = YES;
				COPY_PHASE_STRIP = NO;
				DEBUG_INFORMATION_FORMAT = dwarf;
				ENABLE_STRICT_OBJC_MSGSEND = YES;
				ENABLE_TESTABILITY = YES;
				GCC_C_LANGUAGE_STANDARD = gnu11;
				GCC_DYNAMIC_NO_PIC = NO;
				GCC_NO_COMMON_BLOCKS = YES;
				GCC_OPTIMIZATION_LEVEL = 0;
				GCC_PREPROCESSOR_DEFINITIONS = (
					"DEBUG=1",
					"$(inherited)",
				);
				GCC_WARN_64_TO_32_BIT_CONVERSION = YES;
				GCC_WARN_ABOUT_RETURN_TYPE = YES_ERROR;
				GCC_WARN_UNDECLARED_SELECTOR = YES;
				GCC_WARN_UNINITIALIZED_AUTOS = YES_AGGRESSIVE;
				GCC_WARN_UNUSED_FUNCTION = YES;
				GCC_WARN_UNUSED_VARIABLE = YES;
				IPHONEOS_DEPLOYMENT_TARGET = 14.0;
				MTL_ENABLE_DEBUG_INFO = INCLUDE_SOURCE;
				MTL_FAST_MATH = YES;
				ONLY_ACTIVE_ARCH = YES;
				SDKROOT = iphoneos;
				SWIFT_ACTIVE_COMPILATION_CONDITIONS = DEBUG;
				SWIFT_OPTIMIZATION_LEVEL = "-Onone";
			};
			name = Debug;
		};
		C69A9EE225D8027B000BF0D7 /* Release */ = {
			isa = XCBuildConfiguration;
			buildSettings = {
				ALWAYS_SEARCH_USER_PATHS = NO;
				CLANG_ANALYZER_NONNULL = YES;
				CLANG_ANALYZER_NUMBER_OBJECT_CONVERSION = YES_AGGRESSIVE;
				CLANG_CXX_LANGUAGE_STANDARD = "gnu++14";
				CLANG_CXX_LIBRARY = "libc++";
				CLANG_ENABLE_MODULES = YES;
				CLANG_ENABLE_OBJC_ARC = YES;
				CLANG_ENABLE_OBJC_WEAK = YES;
				CLANG_WARN_BLOCK_CAPTURE_AUTORELEASING = YES;
				CLANG_WARN_BOOL_CONVERSION = YES;
				CLANG_WARN_COMMA = YES;
				CLANG_WARN_CONSTANT_CONVERSION = YES;
				CLANG_WARN_DEPRECATED_OBJC_IMPLEMENTATIONS = YES;
				CLANG_WARN_DIRECT_OBJC_ISA_USAGE = YES_ERROR;
				CLANG_WARN_DOCUMENTATION_COMMENTS = YES;
				CLANG_WARN_EMPTY_BODY = YES;
				CLANG_WARN_ENUM_CONVERSION = YES;
				CLANG_WARN_INFINITE_RECURSION = YES;
				CLANG_WARN_INT_CONVERSION = YES;
				CLANG_WARN_NON_LITERAL_NULL_CONVERSION = YES;
				CLANG_WARN_OBJC_IMPLICIT_RETAIN_SELF = YES;
				CLANG_WARN_OBJC_LITERAL_CONVERSION = YES;
				CLANG_WARN_OBJC_ROOT_CLASS = YES_ERROR;
				CLANG_WARN_QUOTED_INCLUDE_IN_FRAMEWORK_HEADER = YES;
				CLANG_WARN_RANGE_LOOP_ANALYSIS = YES;
				CLANG_WARN_STRICT_PROTOTYPES = YES;
				CLANG_WARN_SUSPICIOUS_MOVE = YES;
				CLANG_WARN_UNGUARDED_AVAILABILITY = YES_AGGRESSIVE;
				CLANG_WARN_UNREACHABLE_CODE = YES;
				CLANG_WARN__DUPLICATE_METHOD_MATCH = YES;
				COPY_PHASE_STRIP = NO;
				DEBUG_INFORMATION_FORMAT = "dwarf-with-dsym";
				ENABLE_NS_ASSERTIONS = NO;
				ENABLE_STRICT_OBJC_MSGSEND = YES;
				GCC_C_LANGUAGE_STANDARD = gnu11;
				GCC_NO_COMMON_BLOCKS = YES;
				GCC_WARN_64_TO_32_BIT_CONVERSION = YES;
				GCC_WARN_ABOUT_RETURN_TYPE = YES_ERROR;
				GCC_WARN_UNDECLARED_SELECTOR = YES;
				GCC_WARN_UNINITIALIZED_AUTOS = YES_AGGRESSIVE;
				GCC_WARN_UNUSED_FUNCTION = YES;
				GCC_WARN_UNUSED_VARIABLE = YES;
				IPHONEOS_DEPLOYMENT_TARGET = 14.0;
				MTL_ENABLE_DEBUG_INFO = NO;
				MTL_FAST_MATH = YES;
				SDKROOT = iphoneos;
				SWIFT_COMPILATION_MODE = wholemodule;
				SWIFT_OPTIMIZATION_LEVEL = "-O";
				VALIDATE_PRODUCT = YES;
			};
			name = Release;
		};
		C69A9EE425D8027B000BF0D7 /* Debug */ = {
			isa = XCBuildConfiguration;
			buildSettings = {
				ASSETCATALOG_COMPILER_APPICON_NAME = AppIcon;
				ASSETCATALOG_COMPILER_GLOBAL_ACCENT_COLOR_NAME = AccentColor;
				CODE_SIGN_STYLE = Automatic;
				DEVELOPMENT_ASSET_PATHS = "\"ExpenseTracker/Preview Content\"";
				DEVELOPMENT_TEAM = 2N4932372N;
				ENABLE_PREVIEWS = YES;
				INFOPLIST_FILE = ExpenseTracker/Info.plist;
				IPHONEOS_DEPLOYMENT_TARGET = 14.0;
				LD_RUNPATH_SEARCH_PATHS = (
					"$(inherited)",
					"@executable_path/Frameworks",
				);
				PRODUCT_BUNDLE_IDENTIFIER = eu.dirlea.ExpenseTracker;
				PRODUCT_NAME = "$(TARGET_NAME)";
				SWIFT_VERSION = 5.0;
				TARGETED_DEVICE_FAMILY = "1,2";
			};
			name = Debug;
		};
		C69A9EE525D8027B000BF0D7 /* Release */ = {
			isa = XCBuildConfiguration;
			buildSettings = {
				ASSETCATALOG_COMPILER_APPICON_NAME = AppIcon;
				ASSETCATALOG_COMPILER_GLOBAL_ACCENT_COLOR_NAME = AccentColor;
				CODE_SIGN_STYLE = Automatic;
				DEVELOPMENT_ASSET_PATHS = "\"ExpenseTracker/Preview Content\"";
				DEVELOPMENT_TEAM = 2N4932372N;
				ENABLE_PREVIEWS = YES;
				INFOPLIST_FILE = ExpenseTracker/Info.plist;
				IPHONEOS_DEPLOYMENT_TARGET = 14.0;
				LD_RUNPATH_SEARCH_PATHS = (
					"$(inherited)",
					"@executable_path/Frameworks",
				);
				PRODUCT_BUNDLE_IDENTIFIER = eu.dirlea.ExpenseTracker;
				PRODUCT_NAME = "$(TARGET_NAME)";
				SWIFT_VERSION = 5.0;
				TARGETED_DEVICE_FAMILY = "1,2";
			};
			name = Release;
		};
/* End XCBuildConfiguration section */

/* Begin XCConfigurationList section */
		C69A9ECF25D8027A000BF0D7 /* Build configuration list for PBXProject "ExpenseTracker" */ = {
			isa = XCConfigurationList;
			buildConfigurations = (
				C69A9EE125D8027B000BF0D7 /* Debug */,
				C69A9EE225D8027B000BF0D7 /* Release */,
			);
			defaultConfigurationIsVisible = 0;
			defaultConfigurationName = Release;
		};
		C69A9EE325D8027B000BF0D7 /* Build configuration list for PBXNativeTarget "ExpenseTracker" */ = {
			isa = XCConfigurationList;
			buildConfigurations = (
				C69A9EE425D8027B000BF0D7 /* Debug */,
				C69A9EE525D8027B000BF0D7 /* Release */,
			);
			defaultConfigurationIsVisible = 0;
			defaultConfigurationName = Release;
		};
/* End XCConfigurationList section */
	};
	rootObject = C69A9ECC25D8027A000BF0D7 /* Project object */;
}
